
Microsoft Visual Studio Solution File, Format Version 12.00
# Visual Studio 15
VisualStudioVersion = 15.0.28307.329
MinimumVisualStudioVersion = 10.0.40219.1
Project("{FAE04EC0-301F-11D3-BF4B-00C04F79EFBC}") = "EmployeeDBBuilder", "EmployeeDBBuilder\EmployeeDBBuilder.csproj", "{7FC3F67F-5B74-46E0-AFF3-34A7ACBDE45C}"
EndProject
Global
	GlobalSection(SolutionConfigurationPlatforms) = preSolution
		Debug|Any CPU = Debug|Any CPU
		Release|Any CPU = Release|Any CPU
	EndGlobalSection
	GlobalSection(ProjectConfigurationPlatforms) = postSolution
		{7FC3F67F-5B74-46E0-AFF3-34A7ACBDE45C}.Debug|Any CPU.ActiveCfg = Debug|Any CPU
		{7FC3F67F-5B74-46E0-AFF3-34A7ACBDE45C}.Debug|Any CPU.Build.0 = Debug|Any CPU
		{7FC3F67F-5B74-46E0-AFF3-34A7ACBDE45C}.Release|Any CPU.ActiveCfg = Release|Any CPU
		{7FC3F67F-5B74-46E0-AFF3-34A7ACBDE45C}.Release|Any CPU.Build.0 = Release|Any CPU
	EndGlobalSection
	GlobalSection(SolutionProperties) = preSolution
		HideSolutionNode = FALSE
	EndGlobalSection
	GlobalSection(ExtensibilityGlobals) = postSolution
		SolutionGuid = {39CCE19F-23C5-4FD6-BF8B-DDCE786344B3}
	EndGlobalSection
EndGlobal
